
Microsoft Visual Studio Solution File, Format Version 12.00
# Visual Studio 15
VisualStudioVersion = 15.0.26124.0
MinimumVisualStudioVersion = 15.0.26124.0
Project("{FAE04EC0-301F-11D3-BF4B-00C04F79EFBC}") = "App", "App\App.csproj", "{17F747A1-338A-4AF1-8C62-41FF4F2144F3}"
EndProject
Project("{FAE04EC0-301F-11D3-BF4B-00C04F79EFBC}") = "Standard", "Standard\Standard.csproj", "{4789D71D-4164-49F1-A936-D3B7FF1D6F1D}"
EndProject
Global
	GlobalSection(SolutionConfigurationPlatforms) = preSolution
		Debug|Any CPU = Debug|Any CPU
		Debug|x64 = Debug|x64
		Debug|x86 = Debug|x86
		Release|Any CPU = Release|Any CPU
		Release|x64 = Release|x64
		Release|x86 = Release|x86
	EndGlobalSection
	GlobalSection(SolutionProperties) = preSolution
		HideSolutionNode = FALSE
	EndGlobalSection
	GlobalSection(ProjectConfigurationPlatforms) = postSolution
		{17F747A1-338A-4AF1-8C62-41FF4F2144F3}.Debug|Any CPU.ActiveCfg = Debug|Any CPU
		{17F747A1-338A-4AF1-8C62-41FF4F2144F3}.Debug|Any CPU.Build.0 = Debug|Any CPU
		{17F747A1-338A-4AF1-8C62-41FF4F2144F3}.Debug|x64.ActiveCfg = Debug|x64
		{17F747A1-338A-4AF1-8C62-41FF4F2144F3}.Debug|x64.Build.0 = Debug|x64
		{17F747A1-338A-4AF1-8C62-41FF4F2144F3}.Debug|x86.ActiveCfg = Debug|x86
		{17F747A1-338A-4AF1-8C62-41FF4F2144F3}.Debug|x86.Build.0 = Debug|x86
		{17F747A1-338A-4AF1-8C62-41FF4F2144F3}.Release|Any CPU.ActiveCfg = Release|Any CPU
		{17F747A1-338A-4AF1-8C62-41FF4F2144F3}.Release|Any CPU.Build.0 = Release|Any CPU
		{17F747A1-338A-4AF1-8C62-41FF4F2144F3}.Release|x64.ActiveCfg = Release|x64
		{17F747A1-338A-4AF1-8C62-41FF4F2144F3}.Release|x64.Build.0 = Release|x64
		{17F747A1-338A-4AF1-8C62-41FF4F2144F3}.Release|x86.ActiveCfg = Release|x86
		{17F747A1-338A-4AF1-8C62-41FF4F2144F3}.Release|x86.Build.0 = Release|x86
		{4789D71D-4164-49F1-A936-D3B7FF1D6F1D}.Debug|Any CPU.ActiveCfg = Debug|Any CPU
		{4789D71D-4164-49F1-A936-D3B7FF1D6F1D}.Debug|Any CPU.Build.0 = Debug|Any CPU
		{4789D71D-4164-49F1-A936-D3B7FF1D6F1D}.Debug|x64.ActiveCfg = Debug|x64
		{4789D71D-4164-49F1-A936-D3B7FF1D6F1D}.Debug|x64.Build.0 = Debug|x64
		{4789D71D-4164-49F1-A936-D3B7FF1D6F1D}.Debug|x86.ActiveCfg = Debug|x86
		{4789D71D-4164-49F1-A936-D3B7FF1D6F1D}.Debug|x86.Build.0 = Debug|x86
		{4789D71D-4164-49F1-A936-D3B7FF1D6F1D}.Release|Any CPU.ActiveCfg = Release|Any CPU
		{4789D71D-4164-49F1-A936-D3B7FF1D6F1D}.Release|Any CPU.Build.0 = Release|Any CPU
		{4789D71D-4164-49F1-A936-D3B7FF1D6F1D}.Release|x64.ActiveCfg = Release|x64
		{4789D71D-4164-49F1-A936-D3B7FF1D6F1D}.Release|x64.Build.0 = Release|x64
		{4789D71D-4164-49F1-A936-D3B7FF1D6F1D}.Release|x86.ActiveCfg = Release|x86
		{4789D71D-4164-49F1-A936-D3B7FF1D6F1D}.Release|x86.Build.0 = Release|x86
	EndGlobalSection
EndGlobal
